
Microsoft Visual Studio Solution File, Format Version 12.00
# Visual Studio Version 17
VisualStudioVersion = 17.1.32328.378
MinimumVisualStudioVersion = 10.0.40219.1
Project("{FAE04EC0-301F-11D3-BF4B-00C04F79EFBC}") = "PolicePlatformMSSql", "PolicePlatformMSSql\PolicePlatformMSSql.csproj", "{1C4F1BDB-8FF4-40A5-B155-C1D3E3C06D50}"
EndProject
Global
	GlobalSection(SolutionConfigurationPlatforms) = preSolution
		Debug|Any CPU = Debug|Any CPU
		Release|Any CPU = Release|Any CPU
	EndGlobalSection
	GlobalSection(ProjectConfigurationPlatforms) = postSolution
		{1C4F1BDB-8FF4-40A5-B155-C1D3E3C06D50}.Debug|Any CPU.ActiveCfg = Debug|Any CPU
		{1C4F1BDB-8FF4-40A5-B155-C1D3E3C06D50}.Debug|Any CPU.Build.0 = Debug|Any CPU
		{1C4F1BDB-8FF4-40A5-B155-C1D3E3C06D50}.Release|Any CPU.ActiveCfg = Release|Any CPU
		{1C4F1BDB-8FF4-40A5-B155-C1D3E3C06D50}.Release|Any CPU.Build.0 = Release|Any CPU
	EndGlobalSection
	GlobalSection(SolutionProperties) = preSolution
		HideSolutionNode = FALSE
	EndGlobalSection
	GlobalSection(ExtensibilityGlobals) = postSolution
		SolutionGuid = {A0541F58-6EAC-4F65-B5A2-F0EDFCDCB87D}
	EndGlobalSection
EndGlobal
